
Microsoft Visual Studio Solution File, Format Version 12.00
# Visual Studio Version 16
VisualStudioVersion = 16.6.30114.105
MinimumVisualStudioVersion = 10.0.40219.1
Project("{9A19103F-16F7-4668-BE54-9A1E7A4F7556}") = "Identity", "Identity\Identity.csproj", "{23D5A82D-51ED-4FDA-92C1-192EA4980536}"
EndProject
Project("{FAE04EC0-301F-11D3-BF4B-00C04F79EFBC}") = "StaticSiteServer", "StaticSiteServer\StaticSiteServer.csproj", "{E6E41D53-3536-4834-BC77-84D58D2E2319}"
EndProject
Global
	GlobalSection(SolutionConfigurationPlatforms) = preSolution
		Debug|Any CPU = Debug|Any CPU
		Debug|x64 = Debug|x64
		Debug|x86 = Debug|x86
		Release|Any CPU = Release|Any CPU
		Release|x64 = Release|x64
		Release|x86 = Release|x86
	EndGlobalSection
	GlobalSection(ProjectConfigurationPlatforms) = postSolution
		{23D5A82D-51ED-4FDA-92C1-192EA4980536}.Debug|Any CPU.ActiveCfg = Debug|Any CPU
		{23D5A82D-51ED-4FDA-92C1-192EA4980536}.Debug|Any CPU.Build.0 = Debug|Any CPU
		{23D5A82D-51ED-4FDA-92C1-192EA4980536}.Debug|x64.ActiveCfg = Debug|Any CPU
		{23D5A82D-51ED-4FDA-92C1-192EA4980536}.Debug|x64.Build.0 = Debug|Any CPU
		{23D5A82D-51ED-4FDA-92C1-192EA4980536}.Debug|x86.ActiveCfg = Debug|Any CPU
		{23D5A82D-51ED-4FDA-92C1-192EA4980536}.Debug|x86.Build.0 = Debug|Any CPU
		{23D5A82D-51ED-4FDA-92C1-192EA4980536}.Release|Any CPU.ActiveCfg = Release|Any CPU
		{23D5A82D-51ED-4FDA-92C1-192EA4980536}.Release|Any CPU.Build.0 = Release|Any CPU
		{23D5A82D-51ED-4FDA-92C1-192EA4980536}.Release|x64.ActiveCfg = Release|Any CPU
		{23D5A82D-51ED-4FDA-92C1-192EA4980536}.Release|x64.Build.0 = Release|Any CPU
		{23D5A82D-51ED-4FDA-92C1-192EA4980536}.Release|x86.ActiveCfg = Release|Any CPU
		{23D5A82D-51ED-4FDA-92C1-192EA4980536}.Release|x86.Build.0 = Release|Any CPU
		{E6E41D53-3536-4834-BC77-84D58D2E2319}.Debug|Any CPU.ActiveCfg = Debug|Any CPU
		{E6E41D53-3536-4834-BC77-84D58D2E2319}.Debug|Any CPU.Build.0 = Debug|Any CPU
		{E6E41D53-3536-4834-BC77-84D58D2E2319}.Debug|x64.ActiveCfg = Debug|Any CPU
		{E6E41D53-3536-4834-BC77-84D58D2E2319}.Debug|x64.Build.0 = Debug|Any CPU
		{E6E41D53-3536-4834-BC77-84D58D2E2319}.Debug|x86.ActiveCfg = Debug|Any CPU
		{E6E41D53-3536-4834-BC77-84D58D2E2319}.Debug|x86.Build.0 = Debug|Any CPU
		{E6E41D53-3536-4834-BC77-84D58D2E2319}.Release|Any CPU.ActiveCfg = Release|Any CPU
		{E6E41D53-3536-4834-BC77-84D58D2E2319}.Release|Any CPU.Build.0 = Release|Any CPU
		{E6E41D53-3536-4834-BC77-84D58D2E2319}.Release|x64.ActiveCfg = Release|Any CPU
		{E6E41D53-3536-4834-BC77-84D58D2E2319}.Release|x64.Build.0 = Release|Any CPU
		{E6E41D53-3536-4834-BC77-84D58D2E2319}.Release|x86.ActiveCfg = Release|Any CPU
		{E6E41D53-3536-4834-BC77-84D58D2E2319}.Release|x86.Build.0 = Release|Any CPU
	EndGlobalSection
	GlobalSection(SolutionProperties) = preSolution
		HideSolutionNode = FALSE
	EndGlobalSection
	GlobalSection(ExtensibilityGlobals) = postSolution
		SolutionGuid = {288C11F5-6300-489A-B542-CF9373B97787}
	EndGlobalSection
EndGlobal
